
Microsoft Visual Studio Solution File, Format Version 12.00
# Visual Studio Version 17
VisualStudioVersion = 17.14.36414.22
MinimumVisualStudioVersion = 10.0.40219.1
Project("{2150E333-8FDC-42A3-9474-1A3956D46DE8}") = "Task0", "Task0", "{02EA681E-C7D8-13C7-8484-4AC65E1B71E8}"
EndProject
Project("{FAE04EC0-301F-11D3-BF4B-00C04F79EFBC}") = "Tyuiu.KarpenkoAL.Sprint6.Task0.V17.Lib", "Tyuiu.KarpenkoAL.Sprint6.Task0.V17.Lib\Tyuiu.KarpenkoAL.Sprint6.Task0.V17.Lib.csproj", "{28B9A623-45B3-44B5-8D4A-C64ABDCD35D2}"
EndProject
Project("{FAE04EC0-301F-11D3-BF4B-00C04F79EFBC}") = "Tyuiu.KarpenkoAL.Sprint6.Task0.V17.Test", "Tyuiu.KarpenkoAL.Sprint6.Task0.V17.Test\Tyuiu.KarpenkoAL.Sprint6.Task0.V17.Test.csproj", "{5D688301-56F8-43F8-812C-D6AA16AA0A00}"
EndProject
Project("{FAE04EC0-301F-11D3-BF4B-00C04F79EFBC}") = "Tyuiu.KarpenkoAL.Sprint6.Task0.V17", "Tyuiu.KarpenkoAL.Sprint6.Task0.V17\Tyuiu.KarpenkoAL.Sprint6.Task0.V17.csproj", "{870CC75B-B145-4C13-A7B2-1C21653F6C09}"
EndProject
Project("{2150E333-8FDC-42A3-9474-1A3956D46DE8}") = "Task1", "Task1", "{15983F05-4CF5-44B8-B0AF-972AE97291EB}"
EndProject
Project("{FAE04EC0-301F-11D3-BF4B-00C04F79EFBC}") = "Tyuiu.KarpenkoAL.Sprint6.Task1.V24", "Tyuiu.KarpenkoAL.Sprint6.Task1.V24\Tyuiu.KarpenkoAL.Sprint6.Task1.V24.csproj", "{A6D9AE49-06AA-48FC-9707-1155005FC40C}"
EndProject
Project("{FAE04EC0-301F-11D3-BF4B-00C04F79EFBC}") = "Tyuiu.KarpenkoAL.Sprint6.Task1.V24.Lib", "Tyuiu.KarpenkoAL.Sprint6.Task1.V24.Lib\Tyuiu.KarpenkoAL.Sprint6.Task1.V24.Lib.csproj", "{8F28C938-B641-4369-9203-50759C46697A}"
EndProject
Project("{FAE04EC0-301F-11D3-BF4B-00C04F79EFBC}") = "Tyuiu.KarpenkoAL.Sprint6.Task1.V24.Test", "Tyuiu.KarpenkoAL.Sprint6.Task1.V24.Test\Tyuiu.KarpenkoAL.Sprint6.Task1.V24.Test.csproj", "{3971D8B9-71DF-4E48-A770-E189F19878B5}"
EndProject
Project("{2150E333-8FDC-42A3-9474-1A3956D46DE8}") = "Task2", "Task2", "{DD13393B-0AA0-49E0-96AD-3ABB7043B265}"
EndProject
Project("{FAE04EC0-301F-11D3-BF4B-00C04F79EFBC}") = "Tyuiu.KarpenkoAL.Sprint6.Task2.V28", "Tyuiu.KarpenkoAL.Sprint6.Task2.V28\Tyuiu.KarpenkoAL.Sprint6.Task2.V28.csproj", "{FFA01FB5-14CE-40FD-B571-3134C03AE91B}"
EndProject
Project("{FAE04EC0-301F-11D3-BF4B-00C04F79EFBC}") = "Tyuiu.KarpenkoAL.Sprint6.Task2.V28.Lib", "Tyuiu.KarpenkoAL.Sprint6.Task2.V28.Lib\Tyuiu.KarpenkoAL.Sprint6.Task2.V28.Lib.csproj", "{2A3BD4D0-20B9-487D-86DE-F07991C6AFE4}"
EndProject
Project("{FAE04EC0-301F-11D3-BF4B-00C04F79EFBC}") = "Tyuiu.KarpenkoAL.Sprint6.Task2.V28.Test", "Tyuiu.KarpenkoAL.Sprint6.Task2.V28.Test\Tyuiu.KarpenkoAL.Sprint6.Task2.V28.Test.csproj", "{CAD3785C-8444-4097-8BAD-AE685F9E7082}"
EndProject
Project("{2150E333-8FDC-42A3-9474-1A3956D46DE8}") = "Task3", "Task3", "{6C89FDD4-A980-4AAE-87E9-61F8570E83A5}"
EndProject
Project("{FAE04EC0-301F-11D3-BF4B-00C04F79EFBC}") = "Tyuiu.KarpenkoAL.Sprint6.Task3.V14", "Tyuiu.KarpenkoAL.Sprint6.Task3.V14\Tyuiu.KarpenkoAL.Sprint6.Task3.V14.csproj", "{359D14AD-BA57-44A6-B03C-11A344017F32}"
EndProject
Project("{FAE04EC0-301F-11D3-BF4B-00C04F79EFBC}") = "Tyuiu.KarpenkoAL.Sprint6.Task3.V14.Lib", "Tyuiu.KarpenkoAL.Sprint6.Task3.V14.Lib\Tyuiu.KarpenkoAL.Sprint6.Task3.V14.Lib.csproj", "{CC9A3FE3-D539-4E0C-BF5C-AD05E21DB5EB}"
EndProject
Project("{FAE04EC0-301F-11D3-BF4B-00C04F79EFBC}") = "Tyuiu.KarpenkoAL.Sprint6.Task3.V14.Test", "Tyuiu.KarpenkoAL.Sprint6.Task3.V14.Test\Tyuiu.KarpenkoAL.Sprint6.Task3.V14.Test.csproj", "{FBAC1BA4-85DC-4D66-A5CD-65107C1B3246}"
EndProject
Project("{2150E333-8FDC-42A3-9474-1A3956D46DE8}") = "Task4", "Task4", "{4E796482-BD75-449D-A64F-1B1E13237C58}"
EndProject
Project("{FAE04EC0-301F-11D3-BF4B-00C04F79EFBC}") = "Tyuiu.KarpenkoAL.Sprint6.Task4.V26", "Tyuiu.KarpenkoAL.Sprint6.Task4.V26\Tyuiu.KarpenkoAL.Sprint6.Task4.V26.csproj", "{8B793988-4F6A-4303-A392-21DF295D8958}"
EndProject
Project("{FAE04EC0-301F-11D3-BF4B-00C04F79EFBC}") = "Tyuiu.KarpenkoAL.Sprint6.Task4.V26.Lib", "Tyuiu.KarpenkoAL.Sprint6.Task4.V26.Lib\Tyuiu.KarpenkoAL.Sprint6.Task4.V26.Lib.csproj", "{D6949965-B2C1-4EB1-8B5C-B704D22BB8BD}"
EndProject
Project("{FAE04EC0-301F-11D3-BF4B-00C04F79EFBC}") = "Tyuiu.KarpenkoAL.Sprint6.Task4.V26.Test", "Tyuiu.KarpenkoAL.Sprint6.Task4.V26.Test\Tyuiu.KarpenkoAL.Sprint6.Task4.V26.Test.csproj", "{48D38C7B-5DF3-4627-AFB4-87657E7D28BF}"
EndProject
Project("{2150E333-8FDC-42A3-9474-1A3956D46DE8}") = "Task5", "Task5", "{75573161-5623-4FFB-94E5-13D6A50B997E}"
EndProject
Project("{FAE04EC0-301F-11D3-BF4B-00C04F79EFBC}") = "Tyuiu.KarpenkoAL.Sprint6.Task5.V4", "Tyuiu.KarpenkoAL.Sprint6.Task5.V4\Tyuiu.KarpenkoAL.Sprint6.Task5.V4.csproj", "{59543D07-0C71-4F8F-8490-C8E9FB9A8286}"
EndProject
Project("{FAE04EC0-301F-11D3-BF4B-00C04F79EFBC}") = "Tyuiu.KarpenkoAL.Sprint6.Task5.V4.Lib", "Tyuiu.KarpenkoAL.Sprint6.Task5.V4.Lib\Tyuiu.KarpenkoAL.Sprint6.Task5.V4.Lib.csproj", "{9EB1ED75-8ABB-4E47-A944-D4A7371B4530}"
EndProject
Project("{FAE04EC0-301F-11D3-BF4B-00C04F79EFBC}") = "Tyuiu.KarpenkoAL.Sprint6.Task5.V4.Test", "Tyuiu.KarpenkoAL.Sprint6.Task5.V4.Test\Tyuiu.KarpenkoAL.Sprint6.Task5.V4.Test.csproj", "{8BED560E-6C92-49D3-9390-0F34BFE95825}"
EndProject
Project("{2150E333-8FDC-42A3-9474-1A3956D46DE8}") = "Task6", "Task6", "{B3C8C1CF-F217-4099-A6D3-28A18FBF7024}"
EndProject
Project("{FAE04EC0-301F-11D3-BF4B-00C04F79EFBC}") = "Tyuiu.KarpenkoAL.Sprint6.Task6.V10.Lib", "Tyuiu.KarpenkoAL.Sprint6.Task6.V10.Lib\Tyuiu.KarpenkoAL.Sprint6.Task6.V10.Lib.csproj", "{1276B5B1-83F1-48CE-965C-4B6944429E41}"
EndProject
Project("{FAE04EC0-301F-11D3-BF4B-00C04F79EFBC}") = "Tyuiu.KarpenkoAL.Sprint6.Task6.V10.Test", "Tyuiu.KarpenkoAL.Sprint6.Task6.V10.Test\Tyuiu.KarpenkoAL.Sprint6.Task6.V10.Test.csproj", "{2DE82B9B-707F-48B9-AB5D-905A35527E05}"
EndProject
Project("{FAE04EC0-301F-11D3-BF4B-00C04F79EFBC}") = "Tyuiu.KarpenkoAL.Sprint6.Task6.V10", "Tyuiu.KarpenkoAL.Sprint6.Task6.V10\Tyuiu.KarpenkoAL.Sprint6.Task6.V10.csproj", "{C7030D28-9233-4203-862D-E6E3569A571E}"
EndProject
Global
	GlobalSection(SolutionConfigurationPlatforms) = preSolution
		Debug|Any CPU = Debug|Any CPU
		Release|Any CPU = Release|Any CPU
	EndGlobalSection
	GlobalSection(ProjectConfigurationPlatforms) = postSolution
		{28B9A623-45B3-44B5-8D4A-C64ABDCD35D2}.Debug|Any CPU.ActiveCfg = Debug|Any CPU
		{28B9A623-45B3-44B5-8D4A-C64ABDCD35D2}.Debug|Any CPU.Build.0 = Debug|Any CPU
		{28B9A623-45B3-44B5-8D4A-C64ABDCD35D2}.Release|Any CPU.ActiveCfg = Release|Any CPU
		{28B9A623-45B3-44B5-8D4A-C64ABDCD35D2}.Release|Any CPU.Build.0 = Release|Any CPU
		{5D688301-56F8-43F8-812C-D6AA16AA0A00}.Debug|Any CPU.ActiveCfg = Debug|Any CPU
		{5D688301-56F8-43F8-812C-D6AA16AA0A00}.Debug|Any CPU.Build.0 = Debug|Any CPU
		{5D688301-56F8-43F8-812C-D6AA16AA0A00}.Release|Any CPU.ActiveCfg = Release|Any CPU
		{5D688301-56F8-43F8-812C-D6AA16AA0A00}.Release|Any CPU.Build.0 = Release|Any CPU
		{870CC75B-B145-4C13-A7B2-1C21653F6C09}.Debug|Any CPU.ActiveCfg = Debug|Any CPU
		{870CC75B-B145-4C13-A7B2-1C21653F6C09}.Debug|Any CPU.Build.0 = Debug|Any CPU
		{870CC75B-B145-4C13-A7B2-1C21653F6C09}.Release|Any CPU.ActiveCfg = Release|Any CPU
		{870CC75B-B145-4C13-A7B2-1C21653F6C09}.Release|Any CPU.Build.0 = Release|Any CPU
		{A6D9AE49-06AA-48FC-9707-1155005FC40C}.Debug|Any CPU.ActiveCfg = Debug|Any CPU
		{A6D9AE49-06AA-48FC-9707-1155005FC40C}.Debug|Any CPU.Build.0 = Debug|Any CPU
		{A6D9AE49-06AA-48FC-9707-1155005FC40C}.Release|Any CPU.ActiveCfg = Release|Any CPU
		{A6D9AE49-06AA-48FC-9707-1155005FC40C}.Release|Any CPU.Build.0 = Release|Any CPU
		{8F28C938-B641-4369-9203-50759C46697A}.Debug|Any CPU.ActiveCfg = Debug|Any CPU
		{8F28C938-B641-4369-9203-50759C46697A}.Debug|Any CPU.Build.0 = Debug|Any CPU
		{8F28C938-B641-4369-9203-50759C46697A}.Release|Any CPU.ActiveCfg = Release|Any CPU
		{8F28C938-B641-4369-9203-50759C46697A}.Release|Any CPU.Build.0 = Release|Any CPU
		{3971D8B9-71DF-4E48-A770-E189F19878B5}.Debug|Any CPU.ActiveCfg = Debug|Any CPU
		{3971D8B9-71DF-4E48-A770-E189F19878B5}.Debug|Any CPU.Build.0 = Debug|Any CPU
		{3971D8B9-71DF-4E48-A770-E189F19878B5}.Release|Any CPU.ActiveCfg = Release|Any CPU
		{3971D8B9-71DF-4E48-A770-E189F19878B5}.Release|Any CPU.Build.0 = Release|Any CPU
		{FFA01FB5-14CE-40FD-B571-3134C03AE91B}.Debug|Any CPU.ActiveCfg = Debug|Any CPU
		{FFA01FB5-14CE-40FD-B571-3134C03AE91B}.Debug|Any CPU.Build.0 = Debug|Any CPU
		{FFA01FB5-14CE-40FD-B571-3134C03AE91B}.Release|Any CPU.ActiveCfg = Release|Any CPU
		{FFA01FB5-14CE-40FD-B571-3134C03AE91B}.Release|Any CPU.Build.0 = Release|Any CPU
		{2A3BD4D0-20B9-487D-86DE-F07991C6AFE4}.Debug|Any CPU.ActiveCfg = Debug|Any CPU
		{2A3BD4D0-20B9-487D-86DE-F07991C6AFE4}.Debug|Any CPU.Build.0 = Debug|Any CPU
		{2A3BD4D0-20B9-487D-86DE-F07991C6AFE4}.Release|Any CPU.ActiveCfg = Release|Any CPU
		{2A3BD4D0-20B9-487D-86DE-F07991C6AFE4}.Release|Any CPU.Build.0 = Release|Any CPU
		{CAD3785C-8444-4097-8BAD-AE685F9E7082}.Debug|Any CPU.ActiveCfg = Debug|Any CPU
		{CAD3785C-8444-4097-8BAD-AE685F9E7082}.Debug|Any CPU.Build.0 = Debug|Any CPU
		{CAD3785C-8444-4097-8BAD-AE685F9E7082}.Release|Any CPU.ActiveCfg = Release|Any CPU
		{CAD3785C-8444-4097-8BAD-AE685F9E7082}.Release|Any CPU.Build.0 = Release|Any CPU
		{359D14AD-BA57-44A6-B03C-11A344017F32}.Debug|Any CPU.ActiveCfg = Debug|Any CPU
		{359D14AD-BA57-44A6-B03C-11A344017F32}.Debug|Any CPU.Build.0 = Debug|Any CPU
		{359D14AD-BA57-44A6-B03C-11A344017F32}.Release|Any CPU.ActiveCfg = Release|Any CPU
		{359D14AD-BA57-44A6-B03C-11A344017F32}.Release|Any CPU.Build.0 = Release|Any CPU
		{CC9A3FE3-D539-4E0C-BF5C-AD05E21DB5EB}.Debug|Any CPU.ActiveCfg = Debug|Any CPU
		{CC9A3FE3-D539-4E0C-BF5C-AD05E21DB5EB}.Debug|Any CPU.Build.0 = Debug|Any CPU
		{CC9A3FE3-D539-4E0C-BF5C-AD05E21DB5EB}.Release|Any CPU.ActiveCfg = Release|Any CPU
		{CC9A3FE3-D539-4E0C-BF5C-AD05E21DB5EB}.Release|Any CPU.Build.0 = Release|Any CPU
		{FBAC1BA4-85DC-4D66-A5CD-65107C1B3246}.Debug|Any CPU.ActiveCfg = Debug|Any CPU
		{FBAC1BA4-85DC-4D66-A5CD-65107C1B3246}.Debug|Any CPU.Build.0 = Debug|Any CPU
		{FBAC1BA4-85DC-4D66-A5CD-65107C1B3246}.Release|Any CPU.ActiveCfg = Release|Any CPU
		{FBAC1BA4-85DC-4D66-A5CD-65107C1B3246}.Release|Any CPU.Build.0 = Release|Any CPU
		{8B793988-4F6A-4303-A392-21DF295D8958}.Debug|Any CPU.ActiveCfg = Debug|Any CPU
		{8B793988-4F6A-4303-A392-21DF295D8958}.Debug|Any CPU.Build.0 = Debug|Any CPU
		{8B793988-4F6A-4303-A392-21DF295D8958}.Release|Any CPU.ActiveCfg = Release|Any CPU
		{8B793988-4F6A-4303-A392-21DF295D8958}.Release|Any CPU.Build.0 = Release|Any CPU
		{D6949965-B2C1-4EB1-8B5C-B704D22BB8BD}.Debug|Any CPU.ActiveCfg = Debug|Any CPU
		{D6949965-B2C1-4EB1-8B5C-B704D22BB8BD}.Debug|Any CPU.Build.0 = Debug|Any CPU
		{D6949965-B2C1-4EB1-8B5C-B704D22BB8BD}.Release|Any CPU.ActiveCfg = Release|Any CPU
		{D6949965-B2C1-4EB1-8B5C-B704D22BB8BD}.Release|Any CPU.Build.0 = Release|Any CPU
		{48D38C7B-5DF3-4627-AFB4-87657E7D28BF}.Debug|Any CPU.ActiveCfg = Debug|Any CPU
		{48D38C7B-5DF3-4627-AFB4-87657E7D28BF}.Debug|Any CPU.Build.0 = Debug|Any CPU
		{48D38C7B-5DF3-4627-AFB4-87657E7D28BF}.Release|Any CPU.ActiveCfg = Release|Any CPU
		{48D38C7B-5DF3-4627-AFB4-87657E7D28BF}.Release|Any CPU.Build.0 = Release|Any CPU
		{59543D07-0C71-4F8F-8490-C8E9FB9A8286}.Debug|Any CPU.ActiveCfg = Debug|Any CPU
		{59543D07-0C71-4F8F-8490-C8E9FB9A8286}.Debug|Any CPU.Build.0 = Debug|Any CPU
		{59543D07-0C71-4F8F-8490-C8E9FB9A8286}.Release|Any CPU.ActiveCfg = Release|Any CPU
		{59543D07-0C71-4F8F-8490-C8E9FB9A8286}.Release|Any CPU.Build.0 = Release|Any CPU
		{9EB1ED75-8ABB-4E47-A944-D4A7371B4530}.Debug|Any CPU.ActiveCfg = Debug|Any CPU
		{9EB1ED75-8ABB-4E47-A944-D4A7371B4530}.Debug|Any CPU.Build.0 = Debug|Any CPU
		{9EB1ED75-8ABB-4E47-A944-D4A7371B4530}.Release|Any CPU.ActiveCfg = Release|Any CPU
		{9EB1ED75-8ABB-4E47-A944-D4A7371B4530}.Release|Any CPU.Build.0 = Release|Any CPU
		{8BED560E-6C92-49D3-9390-0F34BFE95825}.Debug|Any CPU.ActiveCfg = Debug|Any CPU
		{8BED560E-6C92-49D3-9390-0F34BFE95825}.Debug|Any CPU.Build.0 = Debug|Any CPU
		{8BED560E-6C92-49D3-9390-0F34BFE95825}.Release|Any CPU.ActiveCfg = Release|Any CPU
		{8BED560E-6C92-49D3-9390-0F34BFE95825}.Release|Any CPU.Build.0 = Release|Any CPU
		{1276B5B1-83F1-48CE-965C-4B6944429E41}.Debug|Any CPU.ActiveCfg = Debug|Any CPU
		{1276B5B1-83F1-48CE-965C-4B6944429E41}.Debug|Any CPU.Build.0 = Debug|Any CPU
		{1276B5B1-83F1-48CE-965C-4B6944429E41}.Release|Any CPU.ActiveCfg = Release|Any CPU
		{1276B5B1-83F1-48CE-965C-4B6944429E41}.Release|Any CPU.Build.0 = Release|Any CPU
		{2DE82B9B-707F-48B9-AB5D-905A35527E05}.Debug|Any CPU.ActiveCfg = Debug|Any CPU
		{2DE82B9B-707F-48B9-AB5D-905A35527E05}.Debug|Any CPU.Build.0 = Debug|Any CPU
		{2DE82B9B-707F-48B9-AB5D-905A35527E05}.Release|Any CPU.ActiveCfg = Release|Any CPU
		{2DE82B9B-707F-48B9-AB5D-905A35527E05}.Release|Any CPU.Build.0 = Release|Any CPU
		{C7030D28-9233-4203-862D-E6E3569A571E}.Debug|Any CPU.ActiveCfg = Debug|Any CPU
		{C7030D28-9233-4203-862D-E6E3569A571E}.Debug|Any CPU.Build.0 = Debug|Any CPU
		{C7030D28-9233-4203-862D-E6E3569A571E}.Release|Any CPU.ActiveCfg = Release|Any CPU
		{C7030D28-9233-4203-862D-E6E3569A571E}.Release|Any CPU.Build.0 = Release|Any CPU
	EndGlobalSection
	GlobalSection(SolutionProperties) = preSolution
		HideSolutionNode = FALSE
	EndGlobalSection
	GlobalSection(NestedProjects) = preSolution
		{28B9A623-45B3-44B5-8D4A-C64ABDCD35D2} = {02EA681E-C7D8-13C7-8484-4AC65E1B71E8}
		{5D688301-56F8-43F8-812C-D6AA16AA0A00} = {02EA681E-C7D8-13C7-8484-4AC65E1B71E8}
		{870CC75B-B145-4C13-A7B2-1C21653F6C09} = {02EA681E-C7D8-13C7-8484-4AC65E1B71E8}
		{A6D9AE49-06AA-48FC-9707-1155005FC40C} = {15983F05-4CF5-44B8-B0AF-972AE97291EB}
		{8F28C938-B641-4369-9203-50759C46697A} = {15983F05-4CF5-44B8-B0AF-972AE97291EB}
		{3971D8B9-71DF-4E48-A770-E189F19878B5} = {15983F05-4CF5-44B8-B0AF-972AE97291EB}
		{FFA01FB5-14CE-40FD-B571-3134C03AE91B} = {DD13393B-0AA0-49E0-96AD-3ABB7043B265}
		{2A3BD4D0-20B9-487D-86DE-F07991C6AFE4} = {DD13393B-0AA0-49E0-96AD-3ABB7043B265}
		{CAD3785C-8444-4097-8BAD-AE685F9E7082} = {DD13393B-0AA0-49E0-96AD-3ABB7043B265}
		{359D14AD-BA57-44A6-B03C-11A344017F32} = {6C89FDD4-A980-4AAE-87E9-61F8570E83A5}
		{CC9A3FE3-D539-4E0C-BF5C-AD05E21DB5EB} = {6C89FDD4-A980-4AAE-87E9-61F8570E83A5}
		{FBAC1BA4-85DC-4D66-A5CD-65107C1B3246} = {6C89FDD4-A980-4AAE-87E9-61F8570E83A5}
		{8B793988-4F6A-4303-A392-21DF295D8958} = {4E796482-BD75-449D-A64F-1B1E13237C58}
		{D6949965-B2C1-4EB1-8B5C-B704D22BB8BD} = {4E796482-BD75-449D-A64F-1B1E13237C58}
		{48D38C7B-5DF3-4627-AFB4-87657E7D28BF} = {4E796482-BD75-449D-A64F-1B1E13237C58}
		{59543D07-0C71-4F8F-8490-C8E9FB9A8286} = {75573161-5623-4FFB-94E5-13D6A50B997E}
		{9EB1ED75-8ABB-4E47-A944-D4A7371B4530} = {75573161-5623-4FFB-94E5-13D6A50B997E}
		{8BED560E-6C92-49D3-9390-0F34BFE95825} = {75573161-5623-4FFB-94E5-13D6A50B997E}
		{1276B5B1-83F1-48CE-965C-4B6944429E41} = {B3C8C1CF-F217-4099-A6D3-28A18FBF7024}
		{2DE82B9B-707F-48B9-AB5D-905A35527E05} = {B3C8C1CF-F217-4099-A6D3-28A18FBF7024}
		{C7030D28-9233-4203-862D-E6E3569A571E} = {B3C8C1CF-F217-4099-A6D3-28A18FBF7024}
	EndGlobalSection
	GlobalSection(ExtensibilityGlobals) = postSolution
		SolutionGuid = {48EBD56D-79BF-4D03-971C-BD715543A12E}
	EndGlobalSection
EndGlobal
