
Microsoft Visual Studio Solution File, Format Version 12.00
# Visual Studio Version 17
VisualStudioVersion = 17.14.36414.22
MinimumVisualStudioVersion = 10.0.40219.1
Project("{2150E333-8FDC-42A3-9474-1A3956D46DE8}") = "Task0", "Task0", "{02EA681E-C7D8-13C7-8484-4AC65E1B71E8}"
EndProject
Project("{FAE04EC0-301F-11D3-BF4B-00C04F79EFBC}") = "Tyuiu.KarpenkoAL.Sprint6.Task0.V17.Lib", "Tyuiu.KarpenkoAL.Sprint6.Task0.V17.Lib\Tyuiu.KarpenkoAL.Sprint6.Task0.V17.Lib.csproj", "{28B9A623-45B3-44B5-8D4A-C64ABDCD35D2}"
EndProject
Project("{FAE04EC0-301F-11D3-BF4B-00C04F79EFBC}") = "Tyuiu.KarpenkoAL.Sprint6.Task0.V17.Test", "Tyuiu.KarpenkoAL.Sprint6.Task0.V17.Test\Tyuiu.KarpenkoAL.Sprint6.Task0.V17.Test.csproj", "{5D688301-56F8-43F8-812C-D6AA16AA0A00}"
EndProject
Project("{FAE04EC0-301F-11D3-BF4B-00C04F79EFBC}") = "Tyuiu.KarpenkoAL.Sprint6.Task0.V17", "Tyuiu.KarpenkoAL.Sprint6.Task0.V17\Tyuiu.KarpenkoAL.Sprint6.Task0.V17.csproj", "{870CC75B-B145-4C13-A7B2-1C21653F6C09}"
EndProject
Project("{2150E333-8FDC-42A3-9474-1A3956D46DE8}") = "Task1", "Task1", "{15983F05-4CF5-44B8-B0AF-972AE97291EB}"
EndProject
Project("{FAE04EC0-301F-11D3-BF4B-00C04F79EFBC}") = "Tyuiu.KarpenkoAL.Sprint6.Task1.V24", "Tyuiu.KarpenkoAL.Sprint6.Task1.V24\Tyuiu.KarpenkoAL.Sprint6.Task1.V24.csproj", "{A6D9AE49-06AA-48FC-9707-1155005FC40C}"
EndProject
Project("{FAE04EC0-301F-11D3-BF4B-00C04F79EFBC}") = "Tyuiu.KarpenkoAL.Sprint6.Task1.V24.Lib", "Tyuiu.KarpenkoAL.Sprint6.Task1.V24.Lib\Tyuiu.KarpenkoAL.Sprint6.Task1.V24.Lib.csproj", "{8F28C938-B641-4369-9203-50759C46697A}"
EndProject
Project("{FAE04EC0-301F-11D3-BF4B-00C04F79EFBC}") = "Tyuiu.KarpenkoAL.Sprint6.Task1.V24.Test", "Tyuiu.KarpenkoAL.Sprint6.Task1.V24.Test\Tyuiu.KarpenkoAL.Sprint6.Task1.V24.Test.csproj", "{3971D8B9-71DF-4E48-A770-E189F19878B5}"
EndProject
Global
	GlobalSection(SolutionConfigurationPlatforms) = preSolution
		Debug|Any CPU = Debug|Any CPU
		Release|Any CPU = Release|Any CPU
	EndGlobalSection
	GlobalSection(ProjectConfigurationPlatforms) = postSolution
		{28B9A623-45B3-44B5-8D4A-C64ABDCD35D2}.Debug|Any CPU.ActiveCfg = Debug|Any CPU
		{28B9A623-45B3-44B5-8D4A-C64ABDCD35D2}.Debug|Any CPU.Build.0 = Debug|Any CPU
		{28B9A623-45B3-44B5-8D4A-C64ABDCD35D2}.Release|Any CPU.ActiveCfg = Release|Any CPU
		{28B9A623-45B3-44B5-8D4A-C64ABDCD35D2}.Release|Any CPU.Build.0 = Release|Any CPU
		{5D688301-56F8-43F8-812C-D6AA16AA0A00}.Debug|Any CPU.ActiveCfg = Debug|Any CPU
		{5D688301-56F8-43F8-812C-D6AA16AA0A00}.Debug|Any CPU.Build.0 = Debug|Any CPU
		{5D688301-56F8-43F8-812C-D6AA16AA0A00}.Release|Any CPU.ActiveCfg = Release|Any CPU
		{5D688301-56F8-43F8-812C-D6AA16AA0A00}.Release|Any CPU.Build.0 = Release|Any CPU
		{870CC75B-B145-4C13-A7B2-1C21653F6C09}.Debug|Any CPU.ActiveCfg = Debug|Any CPU
		{870CC75B-B145-4C13-A7B2-1C21653F6C09}.Debug|Any CPU.Build.0 = Debug|Any CPU
		{870CC75B-B145-4C13-A7B2-1C21653F6C09}.Release|Any CPU.ActiveCfg = Release|Any CPU
		{870CC75B-B145-4C13-A7B2-1C21653F6C09}.Release|Any CPU.Build.0 = Release|Any CPU
		{A6D9AE49-06AA-48FC-9707-1155005FC40C}.Debug|Any CPU.ActiveCfg = Debug|Any CPU
		{A6D9AE49-06AA-48FC-9707-1155005FC40C}.Debug|Any CPU.Build.0 = Debug|Any CPU
		{A6D9AE49-06AA-48FC-9707-1155005FC40C}.Release|Any CPU.ActiveCfg = Release|Any CPU
		{A6D9AE49-06AA-48FC-9707-1155005FC40C}.Release|Any CPU.Build.0 = Release|Any CPU
		{8F28C938-B641-4369-9203-50759C46697A}.Debug|Any CPU.ActiveCfg = Debug|Any CPU
		{8F28C938-B641-4369-9203-50759C46697A}.Debug|Any CPU.Build.0 = Debug|Any CPU
		{8F28C938-B641-4369-9203-50759C46697A}.Release|Any CPU.ActiveCfg = Release|Any CPU
		{8F28C938-B641-4369-9203-50759C46697A}.Release|Any CPU.Build.0 = Release|Any CPU
		{3971D8B9-71DF-4E48-A770-E189F19878B5}.Debug|Any CPU.ActiveCfg = Debug|Any CPU
		{3971D8B9-71DF-4E48-A770-E189F19878B5}.Debug|Any CPU.Build.0 = Debug|Any CPU
		{3971D8B9-71DF-4E48-A770-E189F19878B5}.Release|Any CPU.ActiveCfg = Release|Any CPU
		{3971D8B9-71DF-4E48-A770-E189F19878B5}.Release|Any CPU.Build.0 = Release|Any CPU
	EndGlobalSection
	GlobalSection(SolutionProperties) = preSolution
		HideSolutionNode = FALSE
	EndGlobalSection
	GlobalSection(NestedProjects) = preSolution
		{28B9A623-45B3-44B5-8D4A-C64ABDCD35D2} = {02EA681E-C7D8-13C7-8484-4AC65E1B71E8}
		{5D688301-56F8-43F8-812C-D6AA16AA0A00} = {02EA681E-C7D8-13C7-8484-4AC65E1B71E8}
		{870CC75B-B145-4C13-A7B2-1C21653F6C09} = {02EA681E-C7D8-13C7-8484-4AC65E1B71E8}
		{A6D9AE49-06AA-48FC-9707-1155005FC40C} = {15983F05-4CF5-44B8-B0AF-972AE97291EB}
		{8F28C938-B641-4369-9203-50759C46697A} = {15983F05-4CF5-44B8-B0AF-972AE97291EB}
		{3971D8B9-71DF-4E48-A770-E189F19878B5} = {15983F05-4CF5-44B8-B0AF-972AE97291EB}
	EndGlobalSection
	GlobalSection(ExtensibilityGlobals) = postSolution
		SolutionGuid = {48EBD56D-79BF-4D03-971C-BD715543A12E}
	EndGlobalSection
EndGlobal
